{
  "name": "ajs02",
  "version": "1.0.0",
  "lockfileVersion": 2,
  "requires": true,
  "packages": {
    "": {
      "name": "ajs02",
      "version": "1.0.0",
      "license": "ISC",
      "dependencies": {
        "@codesurfer8/ajs": "^1.0.0"
      }
    },
    "node_modules/@codesurfer8/ajs": {
      "version": "1.0.0",
      "resolved": "https://npm.pkg.github.com/download/@codesurfer8/ajs/1.0.0/0b23b048305286cc80e6ae00d21be9ccfe03ef5b",
      "integrity": "sha512-KPI3IevfUM+hiab25qzmVjjTNWg88AfnrITQTH5hpmy2PlfYYjwvOM88ph5DKZoNV8ZH6jCiIgkM8GLWTswfrg==",
      "license": "ISC"
    }
  },
  "dependencies": {
    "@codesurfer8/ajs": {
      "version": "1.0.0",
      "resolved": "https://npm.pkg.github.com/download/@codesurfer8/ajs/1.0.0/0b23b048305286cc80e6ae00d21be9ccfe03ef5b",
      "integrity": "sha512-KPI3IevfUM+hiab25qzmVjjTNWg88AfnrITQTH5hpmy2PlfYYjwvOM88ph5DKZoNV8ZH6jCiIgkM8GLWTswfrg=="
    }
  }
}
